
Microsoft Visual Studio Solution File, Format Version 12.00
# Visual Studio Version 16
VisualStudioVersion = 16.0.30114.105
MinimumVisualStudioVersion = 10.0.40219.1
Project("{2150E333-8FDC-42A3-9474-1A3956D46DE8}") = "src", "src", "{7FA972D8-0710-4430-84E6-25C44F87BED0}"
EndProject
Project("{2150E333-8FDC-42A3-9474-1A3956D46DE8}") = "Api", "Api", "{96DB4245-24A9-41FF-A2DF-5E581ADDAD0E}"
EndProject
Project("{2150E333-8FDC-42A3-9474-1A3956D46DE8}") = "Core", "Core", "{6260FCB7-9885-468C-8626-3FD3ABA7B0D1}"
EndProject
Project("{2150E333-8FDC-42A3-9474-1A3956D46DE8}") = "Infrastructure", "Infrastructure", "{E344B4F8-EFA2-4522-8B75-BEE79167E53E}"
EndProject
Project("{2150E333-8FDC-42A3-9474-1A3956D46DE8}") = "UI", "UI", "{49E46047-0495-4F4D-B1D8-74E988025DD2}"
EndProject
Project("{2150E333-8FDC-42A3-9474-1A3956D46DE8}") = "Test", "Test", "{C6120101-2816-47A9-8741-288176AB1C96}"
EndProject
Project("{9A19103F-16F7-4668-BE54-9A1E7A4F7556}") = "Reconcilation.Management.Application", "Reconcilation.Management.Application\Reconcilation.Management.Application.csproj", "{0379B331-80B9-4011-AA3B-BAC88E8FD5CB}"
EndProject
Project("{9A19103F-16F7-4668-BE54-9A1E7A4F7556}") = "Reconcilation.Management.Infrastructure", "Reconcilation.Management.Infrastructure\Reconcilation.Management.Infrastructure.csproj", "{520ECA02-A115-4FCA-AFA7-68E4A29F85E1}"
EndProject
Project("{9A19103F-16F7-4668-BE54-9A1E7A4F7556}") = "Reconcilation.Management.Api", "Reconcilation.Management.Api\Reconcilation.Management.Api.csproj", "{0B049811-0ABD-4047-86DE-68D8095E81E3}"
EndProject
Project("{9A19103F-16F7-4668-BE54-9A1E7A4F7556}") = "Reconcilation.Management.Logging", "Reconcilation.Management.Logging\Reconcilation.Management.Logging.csproj", "{61A2140E-C086-40DA-8C41-C76EFDAB1C15}"
EndProject
Project("{9A19103F-16F7-4668-BE54-9A1E7A4F7556}") = "Reconcilation.Management.Unittest", "Reconcilation.Management.Unittest\Reconcilation.Management.Unittest.csproj", "{0D49BB8E-8BA4-43EA-9C4D-79F96C44BC7C}"
EndProject
Project("{9A19103F-16F7-4668-BE54-9A1E7A4F7556}") = "FinacialReconcilation.Management.IntegrationTest", "FinacialReconcilation.Management.IntegrationTest\FinacialReconcilation.Management.IntegrationTest.csproj", "{CBF03D0D-18FD-40F3-AADE-9C88642BEF34}"
EndProject
Project("{FAE04EC0-301F-11D3-BF4B-00C04F79EFBC}") = "FInacialReconcilation.Management.FunctionalTest", "FInacialReconcilation.Management.FunctionalTest\FInacialReconcilation.Management.FunctionalTest.csproj", "{1594ADFC-B465-470B-95DF-972DDD21F957}"
EndProject
Project("{FAE04EC0-301F-11D3-BF4B-00C04F79EFBC}") = "Reconcilation.Management.Identity", "Reconcilation.Management.Identity\Reconcilation.Management.Identity.csproj", "{D3BD8FF1-5182-4C03-AF05-2EE73B772287}"
EndProject
Global
	GlobalSection(SolutionConfigurationPlatforms) = preSolution
		Debug|Any CPU = Debug|Any CPU
		Debug|x64 = Debug|x64
		Debug|x86 = Debug|x86
		Release|Any CPU = Release|Any CPU
		Release|x64 = Release|x64
		Release|x86 = Release|x86
	EndGlobalSection
	GlobalSection(ProjectConfigurationPlatforms) = postSolution
		{0379B331-80B9-4011-AA3B-BAC88E8FD5CB}.Debug|Any CPU.ActiveCfg = Debug|Any CPU
		{0379B331-80B9-4011-AA3B-BAC88E8FD5CB}.Debug|Any CPU.Build.0 = Debug|Any CPU
		{0379B331-80B9-4011-AA3B-BAC88E8FD5CB}.Debug|x64.ActiveCfg = Debug|Any CPU
		{0379B331-80B9-4011-AA3B-BAC88E8FD5CB}.Debug|x64.Build.0 = Debug|Any CPU
		{0379B331-80B9-4011-AA3B-BAC88E8FD5CB}.Debug|x86.ActiveCfg = Debug|Any CPU
		{0379B331-80B9-4011-AA3B-BAC88E8FD5CB}.Debug|x86.Build.0 = Debug|Any CPU
		{0379B331-80B9-4011-AA3B-BAC88E8FD5CB}.Release|Any CPU.ActiveCfg = Release|Any CPU
		{0379B331-80B9-4011-AA3B-BAC88E8FD5CB}.Release|Any CPU.Build.0 = Release|Any CPU
		{0379B331-80B9-4011-AA3B-BAC88E8FD5CB}.Release|x64.ActiveCfg = Release|Any CPU
		{0379B331-80B9-4011-AA3B-BAC88E8FD5CB}.Release|x64.Build.0 = Release|Any CPU
		{0379B331-80B9-4011-AA3B-BAC88E8FD5CB}.Release|x86.ActiveCfg = Release|Any CPU
		{0379B331-80B9-4011-AA3B-BAC88E8FD5CB}.Release|x86.Build.0 = Release|Any CPU
		{520ECA02-A115-4FCA-AFA7-68E4A29F85E1}.Debug|Any CPU.ActiveCfg = Debug|Any CPU
		{520ECA02-A115-4FCA-AFA7-68E4A29F85E1}.Debug|Any CPU.Build.0 = Debug|Any CPU
		{520ECA02-A115-4FCA-AFA7-68E4A29F85E1}.Debug|x64.ActiveCfg = Debug|Any CPU
		{520ECA02-A115-4FCA-AFA7-68E4A29F85E1}.Debug|x64.Build.0 = Debug|Any CPU
		{520ECA02-A115-4FCA-AFA7-68E4A29F85E1}.Debug|x86.ActiveCfg = Debug|Any CPU
		{520ECA02-A115-4FCA-AFA7-68E4A29F85E1}.Debug|x86.Build.0 = Debug|Any CPU
		{520ECA02-A115-4FCA-AFA7-68E4A29F85E1}.Release|Any CPU.ActiveCfg = Release|Any CPU
		{520ECA02-A115-4FCA-AFA7-68E4A29F85E1}.Release|Any CPU.Build.0 = Release|Any CPU
		{520ECA02-A115-4FCA-AFA7-68E4A29F85E1}.Release|x64.ActiveCfg = Release|Any CPU
		{520ECA02-A115-4FCA-AFA7-68E4A29F85E1}.Release|x64.Build.0 = Release|Any CPU
		{520ECA02-A115-4FCA-AFA7-68E4A29F85E1}.Release|x86.ActiveCfg = Release|Any CPU
		{520ECA02-A115-4FCA-AFA7-68E4A29F85E1}.Release|x86.Build.0 = Release|Any CPU
		{0B049811-0ABD-4047-86DE-68D8095E81E3}.Debug|Any CPU.ActiveCfg = Debug|Any CPU
		{0B049811-0ABD-4047-86DE-68D8095E81E3}.Debug|Any CPU.Build.0 = Debug|Any CPU
		{0B049811-0ABD-4047-86DE-68D8095E81E3}.Debug|x64.ActiveCfg = Debug|Any CPU
		{0B049811-0ABD-4047-86DE-68D8095E81E3}.Debug|x64.Build.0 = Debug|Any CPU
		{0B049811-0ABD-4047-86DE-68D8095E81E3}.Debug|x86.ActiveCfg = Debug|Any CPU
		{0B049811-0ABD-4047-86DE-68D8095E81E3}.Debug|x86.Build.0 = Debug|Any CPU
		{0B049811-0ABD-4047-86DE-68D8095E81E3}.Release|Any CPU.ActiveCfg = Release|Any CPU
		{0B049811-0ABD-4047-86DE-68D8095E81E3}.Release|Any CPU.Build.0 = Release|Any CPU
		{0B049811-0ABD-4047-86DE-68D8095E81E3}.Release|x64.ActiveCfg = Release|Any CPU
		{0B049811-0ABD-4047-86DE-68D8095E81E3}.Release|x64.Build.0 = Release|Any CPU
		{0B049811-0ABD-4047-86DE-68D8095E81E3}.Release|x86.ActiveCfg = Release|Any CPU
		{0B049811-0ABD-4047-86DE-68D8095E81E3}.Release|x86.Build.0 = Release|Any CPU
		{61A2140E-C086-40DA-8C41-C76EFDAB1C15}.Debug|Any CPU.ActiveCfg = Debug|Any CPU
		{61A2140E-C086-40DA-8C41-C76EFDAB1C15}.Debug|Any CPU.Build.0 = Debug|Any CPU
		{61A2140E-C086-40DA-8C41-C76EFDAB1C15}.Debug|x64.ActiveCfg = Debug|Any CPU
		{61A2140E-C086-40DA-8C41-C76EFDAB1C15}.Debug|x64.Build.0 = Debug|Any CPU
		{61A2140E-C086-40DA-8C41-C76EFDAB1C15}.Debug|x86.ActiveCfg = Debug|Any CPU
		{61A2140E-C086-40DA-8C41-C76EFDAB1C15}.Debug|x86.Build.0 = Debug|Any CPU
		{61A2140E-C086-40DA-8C41-C76EFDAB1C15}.Release|Any CPU.ActiveCfg = Release|Any CPU
		{61A2140E-C086-40DA-8C41-C76EFDAB1C15}.Release|Any CPU.Build.0 = Release|Any CPU
		{61A2140E-C086-40DA-8C41-C76EFDAB1C15}.Release|x64.ActiveCfg = Release|Any CPU
		{61A2140E-C086-40DA-8C41-C76EFDAB1C15}.Release|x64.Build.0 = Release|Any CPU
		{61A2140E-C086-40DA-8C41-C76EFDAB1C15}.Release|x86.ActiveCfg = Release|Any CPU
		{61A2140E-C086-40DA-8C41-C76EFDAB1C15}.Release|x86.Build.0 = Release|Any CPU
		{0D49BB8E-8BA4-43EA-9C4D-79F96C44BC7C}.Debug|Any CPU.ActiveCfg = Debug|Any CPU
		{0D49BB8E-8BA4-43EA-9C4D-79F96C44BC7C}.Debug|Any CPU.Build.0 = Debug|Any CPU
		{0D49BB8E-8BA4-43EA-9C4D-79F96C44BC7C}.Debug|x64.ActiveCfg = Debug|Any CPU
		{0D49BB8E-8BA4-43EA-9C4D-79F96C44BC7C}.Debug|x64.Build.0 = Debug|Any CPU
		{0D49BB8E-8BA4-43EA-9C4D-79F96C44BC7C}.Debug|x86.ActiveCfg = Debug|Any CPU
		{0D49BB8E-8BA4-43EA-9C4D-79F96C44BC7C}.Debug|x86.Build.0 = Debug|Any CPU
		{0D49BB8E-8BA4-43EA-9C4D-79F96C44BC7C}.Release|Any CPU.ActiveCfg = Release|Any CPU
		{0D49BB8E-8BA4-43EA-9C4D-79F96C44BC7C}.Release|Any CPU.Build.0 = Release|Any CPU
		{0D49BB8E-8BA4-43EA-9C4D-79F96C44BC7C}.Release|x64.ActiveCfg = Release|Any CPU
		{0D49BB8E-8BA4-43EA-9C4D-79F96C44BC7C}.Release|x64.Build.0 = Release|Any CPU
		{0D49BB8E-8BA4-43EA-9C4D-79F96C44BC7C}.Release|x86.ActiveCfg = Release|Any CPU
		{0D49BB8E-8BA4-43EA-9C4D-79F96C44BC7C}.Release|x86.Build.0 = Release|Any CPU
		{CBF03D0D-18FD-40F3-AADE-9C88642BEF34}.Debug|Any CPU.ActiveCfg = Debug|Any CPU
		{CBF03D0D-18FD-40F3-AADE-9C88642BEF34}.Debug|Any CPU.Build.0 = Debug|Any CPU
		{CBF03D0D-18FD-40F3-AADE-9C88642BEF34}.Debug|x64.ActiveCfg = Debug|Any CPU
		{CBF03D0D-18FD-40F3-AADE-9C88642BEF34}.Debug|x64.Build.0 = Debug|Any CPU
		{CBF03D0D-18FD-40F3-AADE-9C88642BEF34}.Debug|x86.ActiveCfg = Debug|Any CPU
		{CBF03D0D-18FD-40F3-AADE-9C88642BEF34}.Debug|x86.Build.0 = Debug|Any CPU
		{CBF03D0D-18FD-40F3-AADE-9C88642BEF34}.Release|Any CPU.ActiveCfg = Release|Any CPU
		{CBF03D0D-18FD-40F3-AADE-9C88642BEF34}.Release|Any CPU.Build.0 = Release|Any CPU
		{CBF03D0D-18FD-40F3-AADE-9C88642BEF34}.Release|x64.ActiveCfg = Release|Any CPU
		{CBF03D0D-18FD-40F3-AADE-9C88642BEF34}.Release|x64.Build.0 = Release|Any CPU
		{CBF03D0D-18FD-40F3-AADE-9C88642BEF34}.Release|x86.ActiveCfg = Release|Any CPU
		{CBF03D0D-18FD-40F3-AADE-9C88642BEF34}.Release|x86.Build.0 = Release|Any CPU
		{1594ADFC-B465-470B-95DF-972DDD21F957}.Debug|Any CPU.ActiveCfg = Debug|Any CPU
		{1594ADFC-B465-470B-95DF-972DDD21F957}.Debug|Any CPU.Build.0 = Debug|Any CPU
		{1594ADFC-B465-470B-95DF-972DDD21F957}.Debug|x64.ActiveCfg = Debug|Any CPU
		{1594ADFC-B465-470B-95DF-972DDD21F957}.Debug|x64.Build.0 = Debug|Any CPU
		{1594ADFC-B465-470B-95DF-972DDD21F957}.Debug|x86.ActiveCfg = Debug|Any CPU
		{1594ADFC-B465-470B-95DF-972DDD21F957}.Debug|x86.Build.0 = Debug|Any CPU
		{1594ADFC-B465-470B-95DF-972DDD21F957}.Release|Any CPU.ActiveCfg = Release|Any CPU
		{1594ADFC-B465-470B-95DF-972DDD21F957}.Release|Any CPU.Build.0 = Release|Any CPU
		{1594ADFC-B465-470B-95DF-972DDD21F957}.Release|x64.ActiveCfg = Release|Any CPU
		{1594ADFC-B465-470B-95DF-972DDD21F957}.Release|x64.Build.0 = Release|Any CPU
		{1594ADFC-B465-470B-95DF-972DDD21F957}.Release|x86.ActiveCfg = Release|Any CPU
		{1594ADFC-B465-470B-95DF-972DDD21F957}.Release|x86.Build.0 = Release|Any CPU
		{D3BD8FF1-5182-4C03-AF05-2EE73B772287}.Debug|Any CPU.ActiveCfg = Debug|Any CPU
		{D3BD8FF1-5182-4C03-AF05-2EE73B772287}.Debug|Any CPU.Build.0 = Debug|Any CPU
		{D3BD8FF1-5182-4C03-AF05-2EE73B772287}.Debug|x64.ActiveCfg = Debug|Any CPU
		{D3BD8FF1-5182-4C03-AF05-2EE73B772287}.Debug|x64.Build.0 = Debug|Any CPU
		{D3BD8FF1-5182-4C03-AF05-2EE73B772287}.Debug|x86.ActiveCfg = Debug|Any CPU
		{D3BD8FF1-5182-4C03-AF05-2EE73B772287}.Debug|x86.Build.0 = Debug|Any CPU
		{D3BD8FF1-5182-4C03-AF05-2EE73B772287}.Release|Any CPU.ActiveCfg = Release|Any CPU
		{D3BD8FF1-5182-4C03-AF05-2EE73B772287}.Release|Any CPU.Build.0 = Release|Any CPU
		{D3BD8FF1-5182-4C03-AF05-2EE73B772287}.Release|x64.ActiveCfg = Release|Any CPU
		{D3BD8FF1-5182-4C03-AF05-2EE73B772287}.Release|x64.Build.0 = Release|Any CPU
		{D3BD8FF1-5182-4C03-AF05-2EE73B772287}.Release|x86.ActiveCfg = Release|Any CPU
		{D3BD8FF1-5182-4C03-AF05-2EE73B772287}.Release|x86.Build.0 = Release|Any CPU
	EndGlobalSection
	GlobalSection(SolutionProperties) = preSolution
		HideSolutionNode = FALSE
	EndGlobalSection
	GlobalSection(NestedProjects) = preSolution
		{96DB4245-24A9-41FF-A2DF-5E581ADDAD0E} = {7FA972D8-0710-4430-84E6-25C44F87BED0}
		{6260FCB7-9885-468C-8626-3FD3ABA7B0D1} = {7FA972D8-0710-4430-84E6-25C44F87BED0}
		{E344B4F8-EFA2-4522-8B75-BEE79167E53E} = {7FA972D8-0710-4430-84E6-25C44F87BED0}
		{49E46047-0495-4F4D-B1D8-74E988025DD2} = {7FA972D8-0710-4430-84E6-25C44F87BED0}
		{0379B331-80B9-4011-AA3B-BAC88E8FD5CB} = {6260FCB7-9885-468C-8626-3FD3ABA7B0D1}
		{520ECA02-A115-4FCA-AFA7-68E4A29F85E1} = {E344B4F8-EFA2-4522-8B75-BEE79167E53E}
		{0B049811-0ABD-4047-86DE-68D8095E81E3} = {96DB4245-24A9-41FF-A2DF-5E581ADDAD0E}
		{61A2140E-C086-40DA-8C41-C76EFDAB1C15} = {E344B4F8-EFA2-4522-8B75-BEE79167E53E}
		{0D49BB8E-8BA4-43EA-9C4D-79F96C44BC7C} = {C6120101-2816-47A9-8741-288176AB1C96}
		{CBF03D0D-18FD-40F3-AADE-9C88642BEF34} = {C6120101-2816-47A9-8741-288176AB1C96}
		{1594ADFC-B465-470B-95DF-972DDD21F957} = {C6120101-2816-47A9-8741-288176AB1C96}
		{D3BD8FF1-5182-4C03-AF05-2EE73B772287} = {E344B4F8-EFA2-4522-8B75-BEE79167E53E}
	EndGlobalSection
	GlobalSection(ExtensibilityGlobals) = postSolution
		SolutionGuid = {DEEC41FE-4ED1-4AD0-9143-8D07AA0F7CDB}
	EndGlobalSection
EndGlobal
